# This file is generated by running "yarn install" inside your project.
# Manual changes might be lost - proceed with caution!

__metadata:
  version: 6
  cacheKey: 8

"@biomejs/biome@npm:^1.4.1":
  version: 1.8.3
  resolution: "@biomejs/biome@npm:1.8.3"
  dependencies:
    "@biomejs/cli-darwin-arm64": 1.8.3
    "@biomejs/cli-darwin-x64": 1.8.3
    "@biomejs/cli-linux-arm64": 1.8.3
    "@biomejs/cli-linux-arm64-musl": 1.8.3
    "@biomejs/cli-linux-x64": 1.8.3
    "@biomejs/cli-linux-x64-musl": 1.8.3
    "@biomejs/cli-win32-arm64": 1.8.3
    "@biomejs/cli-win32-x64": 1.8.3
  dependenciesMeta:
    "@biomejs/cli-darwin-arm64":
      optional: true
    "@biomejs/cli-darwin-x64":
      optional: true
    "@biomejs/cli-linux-arm64":
      optional: true
    "@biomejs/cli-linux-arm64-musl":
      optional: true
    "@biomejs/cli-linux-x64":
      optional: true
    "@biomejs/cli-linux-x64-musl":
      optional: true
    "@biomejs/cli-win32-arm64":
      optional: true
    "@biomejs/cli-win32-x64":
      optional: true
  bin:
    biome: bin/biome
  checksum: c5e6379aa640ab1d2b6490abd3820b6998b08d94bb6a3907c39d40c4396efe26996cbf1f03bda6ab86cd83adbb52b5124d81a68dd914c3a03eedc8070d72bce9
  languageName: node
  linkType: hard

"@biomejs/cli-darwin-arm64@npm:1.8.3":
  version: 1.8.3
  resolution: "@biomejs/cli-darwin-arm64@npm:1.8.3"
  conditions: os=darwin & cpu=arm64
  languageName: node
  linkType: hard

"@biomejs/cli-darwin-x64@npm:1.8.3":
  version: 1.8.3
  resolution: "@biomejs/cli-darwin-x64@npm:1.8.3"
  conditions: os=darwin & cpu=x64
  languageName: node
  linkType: hard

"@biomejs/cli-linux-arm64-musl@npm:1.8.3":
  version: 1.8.3
  resolution: "@biomejs/cli-linux-arm64-musl@npm:1.8.3"
  conditions: os=linux & cpu=arm64 & libc=musl
  languageName: node
  linkType: hard

"@biomejs/cli-linux-arm64@npm:1.8.3":
  version: 1.8.3
  resolution: "@biomejs/cli-linux-arm64@npm:1.8.3"
  conditions: os=linux & cpu=arm64 & libc=glibc
  languageName: node
  linkType: hard

"@biomejs/cli-linux-x64-musl@npm:1.8.3":
  version: 1.8.3
  resolution: "@biomejs/cli-linux-x64-musl@npm:1.8.3"
  conditions: os=linux & cpu=x64 & libc=musl
  languageName: node
  linkType: hard

"@biomejs/cli-linux-x64@npm:1.8.3":
  version: 1.8.3
  resolution: "@biomejs/cli-linux-x64@npm:1.8.3"
  conditions: os=linux & cpu=x64 & libc=glibc
  languageName: node
  linkType: hard

"@biomejs/cli-win32-arm64@npm:1.8.3":
  version: 1.8.3
  resolution: "@biomejs/cli-win32-arm64@npm:1.8.3"
  conditions: os=win32 & cpu=arm64
  languageName: node
  linkType: hard

"@biomejs/cli-win32-x64@npm:1.8.3":
  version: 1.8.3
  resolution: "@biomejs/cli-win32-x64@npm:1.8.3"
  conditions: os=win32 & cpu=x64
  languageName: node
  linkType: hard

"@cspotcode/source-map-support@npm:^0.8.0":
  version: 0.8.1
  resolution: "@cspotcode/source-map-support@npm:0.8.1"
  dependencies:
    "@jridgewell/trace-mapping": 0.3.9
  checksum: 5718f267085ed8edb3e7ef210137241775e607ee18b77d95aa5bd7514f47f5019aa2d82d96b3bf342ef7aa890a346fa1044532ff7cc3009e7d24fce3ce6200fa
  languageName: node
  linkType: hard

"@jridgewell/resolve-uri@npm:^3.0.3":
  version: 3.1.2
  resolution: "@jridgewell/resolve-uri@npm:3.1.2"
  checksum: 83b85f72c59d1c080b4cbec0fef84528963a1b5db34e4370fa4bd1e3ff64a0d80e0cee7369d11d73c704e0286fb2865b530acac7a871088fbe92b5edf1000870
  languageName: node
  linkType: hard

"@jridgewell/sourcemap-codec@npm:^1.4.10":
  version: 1.5.0
  resolution: "@jridgewell/sourcemap-codec@npm:1.5.0"
  checksum: 05df4f2538b3b0f998ea4c1cd34574d0feba216fa5d4ccaef0187d12abf82eafe6021cec8b49f9bb4d90f2ba4582ccc581e72986a5fcf4176ae0cfeb04cf52ec
  languageName: node
  linkType: hard

"@jridgewell/trace-mapping@npm:0.3.9":
  version: 0.3.9
  resolution: "@jridgewell/trace-mapping@npm:0.3.9"
  dependencies:
    "@jridgewell/resolve-uri": ^3.0.3
    "@jridgewell/sourcemap-codec": ^1.4.10
  checksum: d89597752fd88d3f3480845691a05a44bd21faac18e2185b6f436c3b0fd0c5a859fbbd9aaa92050c4052caf325ad3e10e2e1d1b64327517471b7d51babc0ddef
  languageName: node
  linkType: hard

"@jsdevtools/ez-spawn@npm:^3.0.4":
  version: 3.0.4
  resolution: "@jsdevtools/ez-spawn@npm:3.0.4"
  dependencies:
    call-me-maybe: ^1.0.1
    cross-spawn: ^7.0.3
    string-argv: ^0.3.1
    type-detect: ^4.0.8
  checksum: 3f105f4dfb2d809ab058c7b71ae950a90211b17827c83d674f616e1a4d99c10707d9bf15eeba5ac3e3121cc0b309768b72f0088e48b42c779b005511544933dd
  languageName: node
  linkType: hard

"@jsdevtools/version-bump-prompt@npm:^6.1.0":
  version: 6.1.0
  resolution: "@jsdevtools/version-bump-prompt@npm:6.1.0"
  dependencies:
    "@jsdevtools/ez-spawn": ^3.0.4
    command-line-args: ^5.1.1
    detect-indent: ^6.0.0
    detect-newline: ^3.1.0
    globby: ^11.0.1
    inquirer: ^7.3.3
    log-symbols: ^4.0.0
    semver: ^7.3.2
  bin:
    bump: bin/bump.js
  checksum: 9fc12d25881e9d959c93aed42c71dc339943d33b6731e6983c84b53e30fb5e72a26a65a723799711dc2b8c6b21abbf3a7eb89cb1ea4db634a6a4b18c44b00730
  languageName: node
  linkType: hard

"@nodelib/fs.scandir@npm:2.1.5":
  version: 2.1.5
  resolution: "@nodelib/fs.scandir@npm:2.1.5"
  dependencies:
    "@nodelib/fs.stat": 2.0.5
    run-parallel: ^1.1.9
  checksum: a970d595bd23c66c880e0ef1817791432dbb7acbb8d44b7e7d0e7a22f4521260d4a83f7f9fd61d44fda4610105577f8f58a60718105fb38352baed612fd79e59
  languageName: node
  linkType: hard

"@nodelib/fs.stat@npm:2.0.5, @nodelib/fs.stat@npm:^2.0.2":
  version: 2.0.5
  resolution: "@nodelib/fs.stat@npm:2.0.5"
  checksum: 012480b5ca9d97bff9261571dbbec7bbc6033f69cc92908bc1ecfad0792361a5a1994bc48674b9ef76419d056a03efadfce5a6cf6dbc0a36559571a7a483f6f0
  languageName: node
  linkType: hard

"@nodelib/fs.walk@npm:^1.2.3":
  version: 1.2.8
  resolution: "@nodelib/fs.walk@npm:1.2.8"
  dependencies:
    "@nodelib/fs.scandir": 2.1.5
    fastq: ^1.6.0
  checksum: 190c643f156d8f8f277bf2a6078af1ffde1fd43f498f187c2db24d35b4b4b5785c02c7dc52e356497b9a1b65b13edc996de08de0b961c32844364da02986dc53
  languageName: node
  linkType: hard

"@swc/core-darwin-arm64@npm:1.7.10":
  version: 1.7.10
  resolution: "@swc/core-darwin-arm64@npm:1.7.10"
  conditions: os=darwin & cpu=arm64
  languageName: node
  linkType: hard

"@swc/core-darwin-x64@npm:1.7.10":
  version: 1.7.10
  resolution: "@swc/core-darwin-x64@npm:1.7.10"
  conditions: os=darwin & cpu=x64
  languageName: node
  linkType: hard

"@swc/core-linux-arm-gnueabihf@npm:1.7.10":
  version: 1.7.10
  resolution: "@swc/core-linux-arm-gnueabihf@npm:1.7.10"
  conditions: os=linux & cpu=arm
  languageName: node
  linkType: hard

"@swc/core-linux-arm64-gnu@npm:1.7.10":
  version: 1.7.10
  resolution: "@swc/core-linux-arm64-gnu@npm:1.7.10"
  conditions: os=linux & cpu=arm64 & libc=glibc
  languageName: node
  linkType: hard

"@swc/core-linux-arm64-musl@npm:1.7.10":
  version: 1.7.10
  resolution: "@swc/core-linux-arm64-musl@npm:1.7.10"
  conditions: os=linux & cpu=arm64 & libc=musl
  languageName: node
  linkType: hard

"@swc/core-linux-x64-gnu@npm:1.7.10":
  version: 1.7.10
  resolution: "@swc/core-linux-x64-gnu@npm:1.7.10"
  conditions: os=linux & cpu=x64 & libc=glibc
  languageName: node
  linkType: hard

"@swc/core-linux-x64-musl@npm:1.7.10":
  version: 1.7.10
  resolution: "@swc/core-linux-x64-musl@npm:1.7.10"
  conditions: os=linux & cpu=x64 & libc=musl
  languageName: node
  linkType: hard

"@swc/core-win32-arm64-msvc@npm:1.7.10":
  version: 1.7.10
  resolution: "@swc/core-win32-arm64-msvc@npm:1.7.10"
  conditions: os=win32 & cpu=arm64
  languageName: node
  linkType: hard

"@swc/core-win32-ia32-msvc@npm:1.7.10":
  version: 1.7.10
  resolution: "@swc/core-win32-ia32-msvc@npm:1.7.10"
  conditions: os=win32 & cpu=ia32
  languageName: node
  linkType: hard

"@swc/core-win32-x64-msvc@npm:1.7.10":
  version: 1.7.10
  resolution: "@swc/core-win32-x64-msvc@npm:1.7.10"
  conditions: os=win32 & cpu=x64
  languageName: node
  linkType: hard

"@swc/core@npm:^1.3.99":
  version: 1.7.10
  resolution: "@swc/core@npm:1.7.10"
  dependencies:
    "@swc/core-darwin-arm64": 1.7.10
    "@swc/core-darwin-x64": 1.7.10
    "@swc/core-linux-arm-gnueabihf": 1.7.10
    "@swc/core-linux-arm64-gnu": 1.7.10
    "@swc/core-linux-arm64-musl": 1.7.10
    "@swc/core-linux-x64-gnu": 1.7.10
    "@swc/core-linux-x64-musl": 1.7.10
    "@swc/core-win32-arm64-msvc": 1.7.10
    "@swc/core-win32-ia32-msvc": 1.7.10
    "@swc/core-win32-x64-msvc": 1.7.10
    "@swc/counter": ^0.1.3
    "@swc/types": ^0.1.12
  peerDependencies:
    "@swc/helpers": "*"
  dependenciesMeta:
    "@swc/core-darwin-arm64":
      optional: true
    "@swc/core-darwin-x64":
      optional: true
    "@swc/core-linux-arm-gnueabihf":
      optional: true
    "@swc/core-linux-arm64-gnu":
      optional: true
    "@swc/core-linux-arm64-musl":
      optional: true
    "@swc/core-linux-x64-gnu":
      optional: true
    "@swc/core-linux-x64-musl":
      optional: true
    "@swc/core-win32-arm64-msvc":
      optional: true
    "@swc/core-win32-ia32-msvc":
      optional: true
    "@swc/core-win32-x64-msvc":
      optional: true
  peerDependenciesMeta:
    "@swc/helpers":
      optional: true
  checksum: 9210f785bfdb674125fbc521296b271da77b7fd275d6e26edb11c69338153ebaeca80f607db81cb40fcb3181e5be995069b35038c833f52f65eb5a6d5a00a4c6
  languageName: node
  linkType: hard

"@swc/counter@npm:^0.1.3":
  version: 0.1.3
  resolution: "@swc/counter@npm:0.1.3"
  checksum: df8f9cfba9904d3d60f511664c70d23bb323b3a0803ec9890f60133954173047ba9bdeabce28cd70ba89ccd3fd6c71c7b0bd58be85f611e1ffbe5d5c18616598
  languageName: node
  linkType: hard

"@swc/types@npm:^0.1.12":
  version: 0.1.12
  resolution: "@swc/types@npm:0.1.12"
  dependencies:
    "@swc/counter": ^0.1.3
  checksum: cf7f89e46f859864075d7965582baea9c5f98830f45b1046251568c9bdf1ca484b1bf37f6d3c32b7c82ecf8cd5df89d22f05268c391819c44e49911bb1a8e71a
  languageName: node
  linkType: hard

"@tsconfig/node10@npm:^1.0.7":
  version: 1.0.11
  resolution: "@tsconfig/node10@npm:1.0.11"
  checksum: 51fe47d55fe1b80ec35e6e5ed30a13665fd3a531945350aa74a14a1e82875fb60b350c2f2a5e72a64831b1b6bc02acb6760c30b3738b54954ec2dea82db7a267
  languageName: node
  linkType: hard

"@tsconfig/node12@npm:^1.0.7":
  version: 1.0.11
  resolution: "@tsconfig/node12@npm:1.0.11"
  checksum: 5ce29a41b13e7897a58b8e2df11269c5395999e588b9a467386f99d1d26f6c77d1af2719e407621412520ea30517d718d5192a32403b8dfcc163bf33e40a338a
  languageName: node
  linkType: hard

"@tsconfig/node14@npm:^1.0.0":
  version: 1.0.3
  resolution: "@tsconfig/node14@npm:1.0.3"
  checksum: 19275fe80c4c8d0ad0abed6a96dbf00642e88b220b090418609c4376e1cef81bf16237bf170ad1b341452feddb8115d8dd2e5acdfdea1b27422071163dc9ba9d
  languageName: node
  linkType: hard

"@tsconfig/node16@npm:^1.0.2":
  version: 1.0.4
  resolution: "@tsconfig/node16@npm:1.0.4"
  checksum: 202319785901f942a6e1e476b872d421baec20cf09f4b266a1854060efbf78cde16a4d256e8bc949d31e6cd9a90f1e8ef8fb06af96a65e98338a2b6b0de0a0ff
  languageName: node
  linkType: hard

"@types/node@npm:*":
  version: 22.2.0
  resolution: "@types/node@npm:22.2.0"
  dependencies:
    undici-types: ~6.13.0
  checksum: 63724799337bfb57719a1992690e738341d824e1744a2ac52c5278a008fbfadf99765519c19858feb80418cc7da0d5c8bdf7ea4d82973869b3882bd602c48ade
  languageName: node
  linkType: hard

"@types/node@npm:^20.10.0":
  version: 20.14.15
  resolution: "@types/node@npm:20.14.15"
  dependencies:
    undici-types: ~5.26.4
  checksum: 0407600c1a426efd3e97c94ef1c13edce453142a06ea4be7102bf7be3e907ea578872c7795988a72e981b8ffe942f8cfaafd98552ba82915cd6f963dd1fa9adc
  languageName: node
  linkType: hard

"@types/pg@npm:^8.10.9":
  version: 8.11.6
  resolution: "@types/pg@npm:8.11.6"
  dependencies:
    "@types/node": "*"
    pg-protocol: "*"
    pg-types: ^4.0.1
  checksum: 231f7e5bfe8b4d14cca398d24cd55f4f14f582f815b62059e6f3ee74108cf92089fbd946568ebc35fa402f238ed9c8a8c1e10e7084e83e4ca3aff75957243014
  languageName: node
  linkType: hard

"@types/yargs-parser@npm:*":
  version: 21.0.3
  resolution: "@types/yargs-parser@npm:21.0.3"
  checksum: ef236c27f9432983e91432d974243e6c4cdae227cb673740320eff32d04d853eed59c92ca6f1142a335cfdc0e17cccafa62e95886a8154ca8891cc2dec4ee6fc
  languageName: node
  linkType: hard

"@types/yargs@npm:^17.0.32":
  version: 17.0.33
  resolution: "@types/yargs@npm:17.0.33"
  dependencies:
    "@types/yargs-parser": "*"
  checksum: ee013f257472ab643cb0584cf3e1ff9b0c44bca1c9ba662395300a7f1a6c55fa9d41bd40ddff42d99f5d95febb3907c9ff600fbcb92dadbec22c6a76de7e1236
  languageName: node
  linkType: hard

"acorn-walk@npm:^8.1.1":
  version: 8.3.3
  resolution: "acorn-walk@npm:8.3.3"
  dependencies:
    acorn: ^8.11.0
  checksum: 0f09d351fc30b69b2b9982bf33dc30f3d35a34e030e5f1ed3c49fc4e3814a192bf3101e4c30912a0595410f5e91bb70ddba011ea73398b3ecbfe41c7334c6dd0
  languageName: node
  linkType: hard

"acorn@npm:^8.11.0, acorn@npm:^8.4.1":
  version: 8.12.1
  resolution: "acorn@npm:8.12.1"
  bin:
    acorn: bin/acorn
  checksum: 677880034aee5bdf7434cc2d25b641d7bedb0b5ef47868a78dadabedccf58e1c5457526d9d8249cd253f2df087e081c3fe7d903b448d8e19e5131a3065b83c07
  languageName: node
  linkType: hard

"ansi-escapes@npm:^4.2.1":
  version: 4.3.2
  resolution: "ansi-escapes@npm:4.3.2"
  dependencies:
    type-fest: ^0.21.3
  checksum: 93111c42189c0a6bed9cdb4d7f2829548e943827ee8479c74d6e0b22ee127b2a21d3f8b5ca57723b8ef78ce011fbfc2784350eb2bde3ccfccf2f575fa8489815
  languageName: node
  linkType: hard

"ansi-regex@npm:^5.0.1":
  version: 5.0.1
  resolution: "ansi-regex@npm:5.0.1"
  checksum: 2aa4bb54caf2d622f1afdad09441695af2a83aa3fe8b8afa581d205e57ed4261c183c4d3877cee25794443fde5876417d859c108078ab788d6af7e4fe52eb66b
  languageName: node
  linkType: hard

"ansi-styles@npm:^4.0.0, ansi-styles@npm:^4.1.0":
  version: 4.3.0
  resolution: "ansi-styles@npm:4.3.0"
  dependencies:
    color-convert: ^2.0.1
  checksum: 513b44c3b2105dd14cc42a19271e80f386466c4be574bccf60b627432f9198571ebf4ab1e4c3ba17347658f4ee1711c163d574248c0c1cdc2d5917a0ad582ec4
  languageName: node
  linkType: hard

"arg@npm:^4.1.0":
  version: 4.1.3
  resolution: "arg@npm:4.1.3"
  checksum: 544af8dd3f60546d3e4aff084d451b96961d2267d668670199692f8d054f0415d86fc5497d0e641e91546f0aa920e7c29e5250e99fc89f5552a34b5d93b77f43
  languageName: node
  linkType: hard

"array-back@npm:^3.0.1, array-back@npm:^3.1.0":
  version: 3.1.0
  resolution: "array-back@npm:3.1.0"
  checksum: 7205004fcd0f9edd926db921af901b083094608d5b265738d0290092f9822f73accb468e677db74c7c94ef432d39e5ed75a7b1786701e182efb25bbba9734209
  languageName: node
  linkType: hard

"array-union@npm:^2.1.0":
  version: 2.1.0
  resolution: "array-union@npm:2.1.0"
  checksum: 5bee12395cba82da674931df6d0fea23c4aa4660cb3b338ced9f828782a65caa232573e6bf3968f23e0c5eb301764a382cef2f128b170a9dc59de0e36c39f98d
  languageName: node
  linkType: hard

"braces@npm:^3.0.3":
  version: 3.0.3
  resolution: "braces@npm:3.0.3"
  dependencies:
    fill-range: ^7.1.1
  checksum: b95aa0b3bd909f6cd1720ffcf031aeaf46154dd88b4da01f9a1d3f7ea866a79eba76a6d01cbc3c422b2ee5cdc39a4f02491058d5df0d7bf6e6a162a832df1f69
  languageName: node
  linkType: hard

"call-me-maybe@npm:^1.0.1":
  version: 1.0.2
  resolution: "call-me-maybe@npm:1.0.2"
  checksum: 42ff2d0bed5b207e3f0122589162eaaa47ba618f79ad2382fe0ba14d9e49fbf901099a6227440acc5946f86a4953e8aa2d242b330b0a5de4d090bb18f8935cae
  languageName: node
  linkType: hard

"chalk@npm:^4.1.0":
  version: 4.1.2
  resolution: "chalk@npm:4.1.2"
  dependencies:
    ansi-styles: ^4.1.0
    supports-color: ^7.1.0
  checksum: fe75c9d5c76a7a98d45495b91b2172fa3b7a09e0cc9370e5c8feb1c567b85c4288e2b3fded7cfdd7359ac28d6b3844feb8b82b8686842e93d23c827c417e83fc
  languageName: node
  linkType: hard

"chardet@npm:^0.7.0":
  version: 0.7.0
  resolution: "chardet@npm:0.7.0"
  checksum: 6fd5da1f5d18ff5712c1e0aed41da200d7c51c28f11b36ee3c7b483f3696dabc08927fc6b227735eb8f0e1215c9a8abd8154637f3eff8cada5959df7f58b024d
  languageName: node
  linkType: hard

"cli-cursor@npm:^3.1.0":
  version: 3.1.0
  resolution: "cli-cursor@npm:3.1.0"
  dependencies:
    restore-cursor: ^3.1.0
  checksum: 2692784c6cd2fd85cfdbd11f53aea73a463a6d64a77c3e098b2b4697a20443f430c220629e1ca3b195ea5ac4a97a74c2ee411f3807abf6df2b66211fec0c0a29
  languageName: node
  linkType: hard

"cli-width@npm:^3.0.0":
  version: 3.0.0
  resolution: "cli-width@npm:3.0.0"
  checksum: 4c94af3769367a70e11ed69aa6095f1c600c0ff510f3921ab4045af961820d57c0233acfa8b6396037391f31b4c397e1f614d234294f979ff61430a6c166c3f6
  languageName: node
  linkType: hard

"cliui@npm:^8.0.1":
  version: 8.0.1
  resolution: "cliui@npm:8.0.1"
  dependencies:
    string-width: ^4.2.0
    strip-ansi: ^6.0.1
    wrap-ansi: ^7.0.0
  checksum: 79648b3b0045f2e285b76fb2e24e207c6db44323581e421c3acbd0e86454cba1b37aea976ab50195a49e7384b871e6dfb2247ad7dec53c02454ac6497394cb56
  languageName: node
  linkType: hard

"color-convert@npm:^2.0.1":
  version: 2.0.1
  resolution: "color-convert@npm:2.0.1"
  dependencies:
    color-name: ~1.1.4
  checksum: 79e6bdb9fd479a205c71d89574fccfb22bd9053bd98c6c4d870d65c132e5e904e6034978e55b43d69fcaa7433af2016ee203ce76eeba9cfa554b373e7f7db336
  languageName: node
  linkType: hard

"color-name@npm:~1.1.4":
  version: 1.1.4
  resolution: "color-name@npm:1.1.4"
  checksum: b0445859521eb4021cd0fb0cc1a75cecf67fceecae89b63f62b201cca8d345baf8b952c966862a9d9a2632987d4f6581f0ec8d957dfacece86f0a7919316f610
  languageName: node
  linkType: hard

"command-line-args@npm:^5.1.1":
  version: 5.2.1
  resolution: "command-line-args@npm:5.2.1"
  dependencies:
    array-back: ^3.1.0
    find-replace: ^3.0.0
    lodash.camelcase: ^4.3.0
    typical: ^4.0.0
  checksum: e759519087be3cf2e86af8b9a97d3058b4910cd11ee852495be881a067b72891f6a32718fb685ee6d41531ab76b2b7bfb6602f79f882cd4b7587ff1e827982c7
  languageName: node
  linkType: hard

"create-require@npm:^1.1.0":
  version: 1.1.1
  resolution: "create-require@npm:1.1.1"
  checksum: a9a1503d4390d8b59ad86f4607de7870b39cad43d929813599a23714831e81c520bddf61bcdd1f8e30f05fd3a2b71ae8538e946eb2786dc65c2bbc520f692eff
  languageName: node
  linkType: hard

"cross-spawn@npm:^7.0.3":
  version: 7.0.3
  resolution: "cross-spawn@npm:7.0.3"
  dependencies:
    path-key: ^3.1.0
    shebang-command: ^2.0.0
    which: ^2.0.1
  checksum: 671cc7c7288c3a8406f3c69a3ae2fc85555c04169e9d611def9a675635472614f1c0ed0ef80955d5b6d4e724f6ced67f0ad1bb006c2ea643488fcfef994d7f52
  languageName: node
  linkType: hard

"detect-indent@npm:^6.0.0":
  version: 6.1.0
  resolution: "detect-indent@npm:6.1.0"
  checksum: ab953a73c72dbd4e8fc68e4ed4bfd92c97eb6c43734af3900add963fd3a9316f3bc0578b018b24198d4c31a358571eff5f0656e81a1f3b9ad5c547d58b2d093d
  languageName: node
  linkType: hard

"detect-newline@npm:^3.1.0":
  version: 3.1.0
  resolution: "detect-newline@npm:3.1.0"
  checksum: ae6cd429c41ad01b164c59ea36f264a2c479598e61cba7c99da24175a7ab80ddf066420f2bec9a1c57a6bead411b4655ff15ad7d281c000a89791f48cbe939e7
  languageName: node
  linkType: hard

"diff@npm:^4.0.1":
  version: 4.0.2
  resolution: "diff@npm:4.0.2"
  checksum: f2c09b0ce4e6b301c221addd83bf3f454c0bc00caa3dd837cf6c127d6edf7223aa2bbe3b688feea110b7f262adbfc845b757c44c8a9f8c0c5b15d8fa9ce9d20d
  languageName: node
  linkType: hard

"dir-glob@npm:^3.0.1":
  version: 3.0.1
  resolution: "dir-glob@npm:3.0.1"
  dependencies:
    path-type: ^4.0.0
  checksum: fa05e18324510d7283f55862f3161c6759a3f2f8dbce491a2fc14c8324c498286c54282c1f0e933cb930da8419b30679389499b919122952a4f8592362ef4615
  languageName: node
  linkType: hard

"dotenv@npm:^16.3.1":
  version: 16.4.5
  resolution: "dotenv@npm:16.4.5"
  checksum: 301a12c3d44fd49888b74eb9ccf9f07a1f5df43f489e7fcb89647a2edcd84c42d6bc349dc8df099cd18f07c35c7b04685c1a4f3e6a6a9e6b30f8d48c15b7f49c
  languageName: node
  linkType: hard

"emoji-regex@npm:^8.0.0":
  version: 8.0.0
  resolution: "emoji-regex@npm:8.0.0"
  checksum: d4c5c39d5a9868b5fa152f00cada8a936868fd3367f33f71be515ecee4c803132d11b31a6222b2571b1e5f7e13890156a94880345594d0ce7e3c9895f560f192
  languageName: node
  linkType: hard

"escalade@npm:^3.1.1":
  version: 3.1.2
  resolution: "escalade@npm:3.1.2"
  checksum: 1ec0977aa2772075493002bdbd549d595ff6e9393b1cb0d7d6fcaf78c750da0c158f180938365486f75cb69fba20294351caddfce1b46552a7b6c3cde52eaa02
  languageName: node
  linkType: hard

"escape-string-regexp@npm:^1.0.5":
  version: 1.0.5
  resolution: "escape-string-regexp@npm:1.0.5"
  checksum: 6092fda75c63b110c706b6a9bfde8a612ad595b628f0bd2147eea1d3406723020810e591effc7db1da91d80a71a737a313567c5abb3813e8d9c71f4aa595b410
  languageName: node
  linkType: hard

"external-editor@npm:^3.0.3":
  version: 3.1.0
  resolution: "external-editor@npm:3.1.0"
  dependencies:
    chardet: ^0.7.0
    iconv-lite: ^0.4.24
    tmp: ^0.0.33
  checksum: 1c2a616a73f1b3435ce04030261bed0e22d4737e14b090bb48e58865da92529c9f2b05b893de650738d55e692d071819b45e1669259b2b354bc3154d27a698c7
  languageName: node
  linkType: hard

"fast-glob@npm:^3.2.9":
  version: 3.3.2
  resolution: "fast-glob@npm:3.3.2"
  dependencies:
    "@nodelib/fs.stat": ^2.0.2
    "@nodelib/fs.walk": ^1.2.3
    glob-parent: ^5.1.2
    merge2: ^1.3.0
    micromatch: ^4.0.4
  checksum: 900e4979f4dbc3313840078419245621259f349950411ca2fa445a2f9a1a6d98c3b5e7e0660c5ccd563aa61abe133a21765c6c0dec8e57da1ba71d8000b05ec1
  languageName: node
  linkType: hard

"fastq@npm:^1.6.0":
  version: 1.17.1
  resolution: "fastq@npm:1.17.1"
  dependencies:
    reusify: ^1.0.4
  checksum: a8c5b26788d5a1763f88bae56a8ddeee579f935a831c5fe7a8268cea5b0a91fbfe705f612209e02d639b881d7b48e461a50da4a10cfaa40da5ca7cc9da098d88
  languageName: node
  linkType: hard

"fdir@npm:^6.1.1":
  version: 6.2.0
  resolution: "fdir@npm:6.2.0"
  peerDependencies:
    picomatch: ^3 || ^4
  peerDependenciesMeta:
    picomatch:
      optional: true
  checksum: 49f23efa8e045f5096cd3384ae5f9cbe49d7e4aa73714d00ffc9301f2231b4fe1ceb23006ba76a75770c4758ae537d774bf26642921cd7872e0e330a7e3839c9
  languageName: node
  linkType: hard

"figures@npm:^3.0.0":
  version: 3.2.0
  resolution: "figures@npm:3.2.0"
  dependencies:
    escape-string-regexp: ^1.0.5
  checksum: 85a6ad29e9aca80b49b817e7c89ecc4716ff14e3779d9835af554db91bac41c0f289c418923519392a1e582b4d10482ad282021330cd045bb7b80c84152f2a2b
  languageName: node
  linkType: hard

"fill-range@npm:^7.1.1":
  version: 7.1.1
  resolution: "fill-range@npm:7.1.1"
  dependencies:
    to-regex-range: ^5.0.1
  checksum: b4abfbca3839a3d55e4ae5ec62e131e2e356bf4859ce8480c64c4876100f4df292a63e5bb1618e1d7460282ca2b305653064f01654474aa35c68000980f17798
  languageName: node
  linkType: hard

"find-replace@npm:^3.0.0":
  version: 3.0.0
  resolution: "find-replace@npm:3.0.0"
  dependencies:
    array-back: ^3.0.1
  checksum: 6b04bcfd79027f5b84aa1dfe100e3295da989bdac4b4de6b277f4d063e78f5c9e92ebc8a1fec6dd3b448c924ba404ee051cc759e14a3ee3e825fa1361025df08
  languageName: node
  linkType: hard

"get-caller-file@npm:^2.0.5":
  version: 2.0.5
  resolution: "get-caller-file@npm:2.0.5"
  checksum: b9769a836d2a98c3ee734a88ba712e62703f1df31b94b784762c433c27a386dd6029ff55c2a920c392e33657d80191edbf18c61487e198844844516f843496b9
  languageName: node
  linkType: hard

"glob-parent@npm:^5.1.2":
  version: 5.1.2
  resolution: "glob-parent@npm:5.1.2"
  dependencies:
    is-glob: ^4.0.1
  checksum: f4f2bfe2425296e8a47e36864e4f42be38a996db40420fe434565e4480e3322f18eb37589617a98640c5dc8fdec1a387007ee18dbb1f3f5553409c34d17f425e
  languageName: node
  linkType: hard

"globby@npm:^11.0.1":
  version: 11.1.0
  resolution: "globby@npm:11.1.0"
  dependencies:
    array-union: ^2.1.0
    dir-glob: ^3.0.1
    fast-glob: ^3.2.9
    ignore: ^5.2.0
    merge2: ^1.4.1
    slash: ^3.0.0
  checksum: b4be8885e0cfa018fc783792942d53926c35c50b3aefd3fdcfb9d22c627639dc26bd2327a40a0b74b074100ce95bb7187bfeae2f236856aa3de183af7a02aea6
  languageName: node
  linkType: hard

"has-flag@npm:^4.0.0":
  version: 4.0.0
  resolution: "has-flag@npm:4.0.0"
  checksum: 261a1357037ead75e338156b1f9452c016a37dcd3283a972a30d9e4a87441ba372c8b81f818cd0fbcd9c0354b4ae7e18b9e1afa1971164aef6d18c2b6095a8ad
  languageName: node
  linkType: hard

"iconv-lite@npm:^0.4.24":
  version: 0.4.24
  resolution: "iconv-lite@npm:0.4.24"
  dependencies:
    safer-buffer: ">= 2.1.2 < 3"
  checksum: bd9f120f5a5b306f0bc0b9ae1edeb1577161503f5f8252a20f1a9e56ef8775c9959fd01c55f2d3a39d9a8abaf3e30c1abeb1895f367dcbbe0a8fd1c9ca01c4f6
  languageName: node
  linkType: hard

"ignore@npm:^5.2.0":
  version: 5.3.1
  resolution: "ignore@npm:5.3.1"
  checksum: 71d7bb4c1dbe020f915fd881108cbe85a0db3d636a0ea3ba911393c53946711d13a9b1143c7e70db06d571a5822c0a324a6bcde5c9904e7ca5047f01f1bf8cd3
  languageName: node
  linkType: hard

"inquirer@npm:^7.3.3":
  version: 7.3.3
  resolution: "inquirer@npm:7.3.3"
  dependencies:
    ansi-escapes: ^4.2.1
    chalk: ^4.1.0
    cli-cursor: ^3.1.0
    cli-width: ^3.0.0
    external-editor: ^3.0.3
    figures: ^3.0.0
    lodash: ^4.17.19
    mute-stream: 0.0.8
    run-async: ^2.4.0
    rxjs: ^6.6.0
    string-width: ^4.1.0
    strip-ansi: ^6.0.0
    through: ^2.3.6
  checksum: 4d387fc1eb6126acbd58cbdb9ad99d2887d181df86ab0c2b9abdf734e751093e2d5882c2b6dc7144d9ab16b7ab30a78a1d7f01fb6a2850a44aeb175d1e3f8778
  languageName: node
  linkType: hard

"is-extglob@npm:^2.1.1":
  version: 2.1.1
  resolution: "is-extglob@npm:2.1.1"
  checksum: df033653d06d0eb567461e58a7a8c9f940bd8c22274b94bf7671ab36df5719791aae15eef6d83bbb5e23283967f2f984b8914559d4449efda578c775c4be6f85
  languageName: node
  linkType: hard

"is-fullwidth-code-point@npm:^3.0.0":
  version: 3.0.0
  resolution: "is-fullwidth-code-point@npm:3.0.0"
  checksum: 44a30c29457c7fb8f00297bce733f0a64cd22eca270f83e58c105e0d015e45c019491a4ab2faef91ab51d4738c670daff901c799f6a700e27f7314029e99e348
  languageName: node
  linkType: hard

"is-glob@npm:^4.0.1":
  version: 4.0.3
  resolution: "is-glob@npm:4.0.3"
  dependencies:
    is-extglob: ^2.1.1
  checksum: d381c1319fcb69d341cc6e6c7cd588e17cd94722d9a32dbd60660b993c4fb7d0f19438674e68dfec686d09b7c73139c9166b47597f846af387450224a8101ab4
  languageName: node
  linkType: hard

"is-number@npm:^7.0.0":
  version: 7.0.0
  resolution: "is-number@npm:7.0.0"
  checksum: 456ac6f8e0f3111ed34668a624e45315201dff921e5ac181f8ec24923b99e9f32ca1a194912dc79d539c97d33dba17dc635202ff0b2cf98326f608323276d27a
  languageName: node
  linkType: hard

"is-unicode-supported@npm:^0.1.0":
  version: 0.1.0
  resolution: "is-unicode-supported@npm:0.1.0"
  checksum: a2aab86ee7712f5c2f999180daaba5f361bdad1efadc9610ff5b8ab5495b86e4f627839d085c6530363c6d6d4ecbde340fb8e54bdb83da4ba8e0865ed5513c52
  languageName: node
  linkType: hard

"isexe@npm:^2.0.0":
  version: 2.0.0
  resolution: "isexe@npm:2.0.0"
  checksum: 26bf6c5480dda5161c820c5b5c751ae1e766c587b1f951ea3fcfc973bafb7831ae5b54a31a69bd670220e42e99ec154475025a468eae58ea262f813fdc8d1c62
  languageName: node
  linkType: hard

"lodash.camelcase@npm:^4.3.0":
  version: 4.3.0
  resolution: "lodash.camelcase@npm:4.3.0"
  checksum: cb9227612f71b83e42de93eccf1232feeb25e705bdb19ba26c04f91e885bfd3dd5c517c4a97137658190581d3493ea3973072ca010aab7e301046d90740393d1
  languageName: node
  linkType: hard

"lodash.isequal@npm:^4.5.0":
  version: 4.5.0
  resolution: "lodash.isequal@npm:4.5.0"
  checksum: da27515dc5230eb1140ba65ff8de3613649620e8656b19a6270afe4866b7bd461d9ba2ac8a48dcc57f7adac4ee80e1de9f965d89d4d81a0ad52bb3eec2609644
  languageName: node
  linkType: hard

"lodash@npm:^4.17.19":
  version: 4.17.21
  resolution: "lodash@npm:4.17.21"
  checksum: eb835a2e51d381e561e508ce932ea50a8e5a68f4ebdd771ea240d3048244a8d13658acbd502cd4829768c56f2e16bdd4340b9ea141297d472517b83868e677f7
  languageName: node
  linkType: hard

"log-symbols@npm:^4.0.0":
  version: 4.1.0
  resolution: "log-symbols@npm:4.1.0"
  dependencies:
    chalk: ^4.1.0
    is-unicode-supported: ^0.1.0
  checksum: fce1497b3135a0198803f9f07464165e9eb83ed02ceb2273930a6f8a508951178d8cf4f0378e9d28300a2ed2bc49050995d2bd5f53ab716bb15ac84d58c6ef74
  languageName: node
  linkType: hard

"make-error@npm:^1.1.1":
  version: 1.3.6
  resolution: "make-error@npm:1.3.6"
  checksum: b86e5e0e25f7f777b77fabd8e2cbf15737972869d852a22b7e73c17623928fccb826d8e46b9951501d3f20e51ad74ba8c59ed584f610526a48f8ccf88aaec402
  languageName: node
  linkType: hard

"merge2@npm:^1.3.0, merge2@npm:^1.4.1":
  version: 1.4.1
  resolution: "merge2@npm:1.4.1"
  checksum: 7268db63ed5169466540b6fb947aec313200bcf6d40c5ab722c22e242f651994619bcd85601602972d3c85bd2cc45a358a4c61937e9f11a061919a1da569b0c2
  languageName: node
  linkType: hard

"micromatch@npm:^4.0.4":
  version: 4.0.7
  resolution: "micromatch@npm:4.0.7"
  dependencies:
    braces: ^3.0.3
    picomatch: ^2.3.1
  checksum: 3cde047d70ad80cf60c787b77198d680db3b8c25b23feb01de5e2652205d9c19f43bd81882f69a0fd1f0cde6a7a122d774998aad3271ddb1b8accf8a0f480cf7
  languageName: node
  linkType: hard

"mimic-fn@npm:^2.1.0":
  version: 2.1.0
  resolution: "mimic-fn@npm:2.1.0"
  checksum: d2421a3444848ce7f84bd49115ddacff29c15745db73f54041edc906c14b131a38d05298dae3081667627a59b2eb1ca4b436ff2e1b80f69679522410418b478a
  languageName: node
  linkType: hard

"mute-stream@npm:0.0.8":
  version: 0.0.8
  resolution: "mute-stream@npm:0.0.8"
  checksum: ff48d251fc3f827e5b1206cda0ffdaec885e56057ee86a3155e1951bc940fd5f33531774b1cc8414d7668c10a8907f863f6561875ee6e8768931a62121a531a1
  languageName: node
  linkType: hard

"obuf@npm:~1.1.2":
  version: 1.1.2
  resolution: "obuf@npm:1.1.2"
  checksum: 41a2ba310e7b6f6c3b905af82c275bf8854896e2e4c5752966d64cbcd2f599cfffd5932006bcf3b8b419dfdacebb3a3912d5d94e10f1d0acab59876c8757f27f
  languageName: node
  linkType: hard

"onetime@npm:^5.1.0":
  version: 5.1.2
  resolution: "onetime@npm:5.1.2"
  dependencies:
    mimic-fn: ^2.1.0
  checksum: 2478859ef817fc5d4e9c2f9e5728512ddd1dbc9fb7829ad263765bb6d3b91ce699d6e2332eef6b7dff183c2f490bd3349f1666427eaba4469fba0ac38dfd0d34
  languageName: node
  linkType: hard

"os-tmpdir@npm:~1.0.2":
  version: 1.0.2
  resolution: "os-tmpdir@npm:1.0.2"
  checksum: 5666560f7b9f10182548bf7013883265be33620b1c1b4a4d405c25be2636f970c5488ff3e6c48de75b55d02bde037249fe5dbfbb4c0fb7714953d56aed062e6d
  languageName: node
  linkType: hard

"oso@npm:^0.27.0":
  version: 0.27.3
  resolution: "oso@npm:0.27.3"
  dependencies:
    lodash.isequal: ^4.5.0
  bin:
    oso: bin/repl.js
  checksum: a4585e37f6d944da2b3731809136814ebea9d6ee50ec68527aafee490b922dfcd9503eb77c6dcf6fc7a861426aa7b29fda864d91f1d82e6c601a3e97561444c8
  languageName: node
  linkType: hard

"path-key@npm:^3.1.0":
  version: 3.1.1
  resolution: "path-key@npm:3.1.1"
  checksum: 55cd7a9dd4b343412a8386a743f9c746ef196e57c823d90ca3ab917f90ab9f13dd0ded27252ba49dbdfcab2b091d998bc446f6220cd3cea65db407502a740020
  languageName: node
  linkType: hard

"path-type@npm:^4.0.0":
  version: 4.0.0
  resolution: "path-type@npm:4.0.0"
  checksum: 5b1e2daa247062061325b8fdbfd1fb56dde0a448fb1455453276ea18c60685bdad23a445dc148cf87bc216be1573357509b7d4060494a6fd768c7efad833ee45
  languageName: node
  linkType: hard

"pg-cloudflare@npm:^1.1.1":
  version: 1.1.1
  resolution: "pg-cloudflare@npm:1.1.1"
  checksum: 32aac06b5dc4588bbf78801b6267781bc7e13be672009df949d08e9627ba9fdc26924916665d4de99d47f9b0495301930547488dad889d826856976c7b3f3731
  languageName: node
  linkType: hard

"pg-connection-string@npm:^2.6.4":
  version: 2.6.4
  resolution: "pg-connection-string@npm:2.6.4"
  checksum: 2c1d2ac1add1f93076f1594d217a0980f79add05dc48de6363e1c550827c78a6ee3e3b5420da9c54858f6b678cdb348aed49732ee68158b6cdb70f1d1c748cf9
  languageName: node
  linkType: hard

"pg-int8@npm:1.0.1":
  version: 1.0.1
  resolution: "pg-int8@npm:1.0.1"
  checksum: a1e3a05a69005ddb73e5f324b6b4e689868a447c5fa280b44cd4d04e6916a344ac289e0b8d2695d66e8e89a7fba023affb9e0e94778770ada5df43f003d664c9
  languageName: node
  linkType: hard

"pg-numeric@npm:1.0.2":
  version: 1.0.2
  resolution: "pg-numeric@npm:1.0.2"
  checksum: 8899f8200caa1744439a8778a9eb3ceefb599d893e40a09eef84ee0d4c151319fd416634a6c0fc7b7db4ac268710042da5be700b80ef0de716fe089b8652c84f
  languageName: node
  linkType: hard

"pg-pool@npm:^3.6.2":
  version: 3.6.2
  resolution: "pg-pool@npm:3.6.2"
  peerDependencies:
    pg: ">=8.0"
  checksum: 5ceee4320a35fce08777d085d50a30a1253574257e1e7c5c56c915056d387d340f797115580c8d90a46691f83c39a9b4da1fd810d9ad168cc455c79c289116f4
  languageName: node
  linkType: hard

"pg-protocol@npm:*, pg-protocol@npm:^1.6.1":
  version: 1.6.1
  resolution: "pg-protocol@npm:1.6.1"
  checksum: cce3f72cc4bdc04db9ce3fa38b2c45b745f0a95a925847b349087f52c02c4d51b7c74d8867e40639699d0c7609accfaffb6b1d221b3268d2bdc4bb8d6a2995a3
  languageName: node
  linkType: hard

"pg-types@npm:^2.1.0":
  version: 2.2.0
  resolution: "pg-types@npm:2.2.0"
  dependencies:
    pg-int8: 1.0.1
    postgres-array: ~2.0.0
    postgres-bytea: ~1.0.0
    postgres-date: ~1.0.4
    postgres-interval: ^1.1.0
  checksum: bf4ec3f594743442857fb3a8dfe5d2478a04c98f96a0a47365014557cbc0b4b0cee01462c79adca863b93befbf88f876299b75b72c665b5fb84a2c94fbd10316
  languageName: node
  linkType: hard

"pg-types@npm:^4.0.1":
  version: 4.0.2
  resolution: "pg-types@npm:4.0.2"
  dependencies:
    pg-int8: 1.0.1
    pg-numeric: 1.0.2
    postgres-array: ~3.0.1
    postgres-bytea: ~3.0.0
    postgres-date: ~2.1.0
    postgres-interval: ^3.0.0
    postgres-range: ^1.1.1
  checksum: c4b813382d4a75f87462fab3245d5422b86ba1a54a1b330e6b43a459c127b4d02553dc7e5b4ae4fa0f5f17971d416eb393810f69ff6d30d986e45c2f20778c55
  languageName: node
  linkType: hard

"pg@npm:^8.11.3":
  version: 8.12.0
  resolution: "pg@npm:8.12.0"
  dependencies:
    pg-cloudflare: ^1.1.1
    pg-connection-string: ^2.6.4
    pg-pool: ^3.6.2
    pg-protocol: ^1.6.1
    pg-types: ^2.1.0
    pgpass: 1.x
  peerDependencies:
    pg-native: ">=3.0.1"
  dependenciesMeta:
    pg-cloudflare:
      optional: true
  peerDependenciesMeta:
    pg-native:
      optional: true
  checksum: 8450b61c787f360e22182aa853548f834f13622714868d0789a60f63743d66ae28930cdca0ef0251bfc89b04679e9074c1398f172c2937bf59b5a360337f4149
  languageName: node
  linkType: hard

"pgpass@npm:1.x":
  version: 1.0.5
  resolution: "pgpass@npm:1.0.5"
  dependencies:
    split2: ^4.1.0
  checksum: 947ac096c031eebdf08d989de2e9f6f156b8133d6858c7c2c06c041e1e71dda6f5f3bad3c0ec1e96a09497bbc6ef89e762eefe703b5ef9cb2804392ec52ec400
  languageName: node
  linkType: hard

"picomatch@npm:^2.3.1":
  version: 2.3.1
  resolution: "picomatch@npm:2.3.1"
  checksum: 050c865ce81119c4822c45d3c84f1ced46f93a0126febae20737bd05ca20589c564d6e9226977df859ed5e03dc73f02584a2b0faad36e896936238238b0446cf
  languageName: node
  linkType: hard

"picomatch@npm:^3.0.1":
  version: 3.0.1
  resolution: "picomatch@npm:3.0.1"
  checksum: b7fe18174bcc05bbf0ea09cc85623ae395676b3e6bc25636d4c20db79a948586237e429905453bf1ba385bc7a7aa5b56f1b351680e650d2b5c305ceb98dfc914
  languageName: node
  linkType: hard

"postgres-array@npm:~2.0.0":
  version: 2.0.0
  resolution: "postgres-array@npm:2.0.0"
  checksum: 0e1e659888147c5de579d229a2d95c0d83ebdbffc2b9396d890a123557708c3b758a0a97ed305ce7f58edfa961fa9f0bbcd1ea9f08b6e5df73322e683883c464
  languageName: node
  linkType: hard

"postgres-array@npm:~3.0.1":
  version: 3.0.2
  resolution: "postgres-array@npm:3.0.2"
  checksum: 5955f9dffeb6fa960c1a0b04fd4b2ba16813ddb636934ad26f902e4d76a91c0b743dcc6edc4cffc52deba7d547505e0020adea027c1d50a774f989cf955420d1
  languageName: node
  linkType: hard

"postgres-bytea@npm:~1.0.0":
  version: 1.0.0
  resolution: "postgres-bytea@npm:1.0.0"
  checksum: d844ae4ca7a941b70e45cac1261a73ee8ed39d72d3d74ab1d645248185a1b7f0ac91a3c63d6159441020f4e1f7fe64689ac56536a307b31cef361e5187335090
  languageName: node
  linkType: hard

"postgres-bytea@npm:~3.0.0":
  version: 3.0.0
  resolution: "postgres-bytea@npm:3.0.0"
  dependencies:
    obuf: ~1.1.2
  checksum: 5f917a003fcaa0df7f285e1c37108ad474ce91193466b9bd4bcaecef2cdea98ca069c00aa6a8dbe6d2e7192336cadc3c9b36ae48d1555a299521918e00e2936b
  languageName: node
  linkType: hard

"postgres-date@npm:~1.0.4":
  version: 1.0.7
  resolution: "postgres-date@npm:1.0.7"
  checksum: 5745001d47e51cd767e46bcb1710649cd705d91a24d42fa661c454b6dcbb7353c066a5047983c90a626cd3bbfea9e626cc6fa84a35ec57e5bbb28b49f78e13ed
  languageName: node
  linkType: hard

"postgres-date@npm:~2.1.0":
  version: 2.1.0
  resolution: "postgres-date@npm:2.1.0"
  checksum: 5c573b0602e17c6134fd8bc8ac7689ac0302e1b199f15dd3578fc45186f206dbd0609f97bf0e4bd1db62234d7a37f29c04f4df525f7efebb9304363b2efca272
  languageName: node
  linkType: hard

"postgres-interval@npm:^1.1.0":
  version: 1.2.0
  resolution: "postgres-interval@npm:1.2.0"
  dependencies:
    xtend: ^4.0.0
  checksum: 746b71f93805ae33b03528e429dc624706d1f9b20ee81bf743263efb6a0cd79ae02a642a8a480dbc0f09547b4315ab7df6ce5ec0be77ed700bac42730f5c76b2
  languageName: node
  linkType: hard

"postgres-interval@npm:^3.0.0":
  version: 3.0.0
  resolution: "postgres-interval@npm:3.0.0"
  checksum: c7a1cf006de97de663b6b8c4d2b167aa9909a238c4866a94b15d303762f5ac884ff4796cd6e2111b7f0a91302b83c570453aa8506fd005b5a5d5dfa87441bebc
  languageName: node
  linkType: hard

"postgres-range@npm:^1.1.1":
  version: 1.1.4
  resolution: "postgres-range@npm:1.1.4"
  checksum: 460af8c882a50e2c3d08ede5d5ee9e5e5a99dcf471e3ed55b4c17cad62dc85177b51bb8105b626a9c73de9edcba934e86665923b0d86e1c8e1f55d3e0f3530c6
  languageName: node
  linkType: hard

"queue-microtask@npm:^1.2.2":
  version: 1.2.3
  resolution: "queue-microtask@npm:1.2.3"
  checksum: b676f8c040cdc5b12723ad2f91414d267605b26419d5c821ff03befa817ddd10e238d22b25d604920340fd73efd8ba795465a0377c4adf45a4a41e4234e42dc4
  languageName: node
  linkType: hard

"require-directory@npm:^2.1.1":
  version: 2.1.1
  resolution: "require-directory@npm:2.1.1"
  checksum: fb47e70bf0001fdeabdc0429d431863e9475e7e43ea5f94ad86503d918423c1543361cc5166d713eaa7029dd7a3d34775af04764bebff99ef413111a5af18c80
  languageName: node
  linkType: hard

"restore-cursor@npm:^3.1.0":
  version: 3.1.0
  resolution: "restore-cursor@npm:3.1.0"
  dependencies:
    onetime: ^5.1.0
    signal-exit: ^3.0.2
  checksum: f877dd8741796b909f2a82454ec111afb84eb45890eb49ac947d87991379406b3b83ff9673a46012fca0d7844bb989f45cc5b788254cf1a39b6b5a9659de0630
  languageName: node
  linkType: hard

"reusify@npm:^1.0.4":
  version: 1.0.4
  resolution: "reusify@npm:1.0.4"
  checksum: c3076ebcc22a6bc252cb0b9c77561795256c22b757f40c0d8110b1300723f15ec0fc8685e8d4ea6d7666f36c79ccc793b1939c748bf36f18f542744a4e379fcc
  languageName: node
  linkType: hard

"run-async@npm:^2.4.0":
  version: 2.4.1
  resolution: "run-async@npm:2.4.1"
  checksum: a2c88aa15df176f091a2878eb840e68d0bdee319d8d97bbb89112223259cebecb94bc0defd735662b83c2f7a30bed8cddb7d1674eb48ae7322dc602b22d03797
  languageName: node
  linkType: hard

"run-parallel@npm:^1.1.9":
  version: 1.2.0
  resolution: "run-parallel@npm:1.2.0"
  dependencies:
    queue-microtask: ^1.2.2
  checksum: cb4f97ad25a75ebc11a8ef4e33bb962f8af8516bb2001082ceabd8902e15b98f4b84b4f8a9b222e5d57fc3bd1379c483886ed4619367a7680dad65316993021d
  languageName: node
  linkType: hard

"rxjs@npm:^6.6.0":
  version: 6.6.7
  resolution: "rxjs@npm:6.6.7"
  dependencies:
    tslib: ^1.9.0
  checksum: bc334edef1bb8bbf56590b0b25734ba0deaf8825b703256a93714308ea36dff8a11d25533671adf8e104e5e8f256aa6fdfe39b2e248cdbd7a5f90c260acbbd1b
  languageName: node
  linkType: hard

"safer-buffer@npm:>= 2.1.2 < 3":
  version: 2.1.2
  resolution: "safer-buffer@npm:2.1.2"
  checksum: cab8f25ae6f1434abee8d80023d7e72b598cf1327164ddab31003c51215526801e40b66c5e65d658a0af1e9d6478cadcb4c745f4bd6751f97d8644786c0978b0
  languageName: node
  linkType: hard

"semver@npm:^7.3.2":
  version: 7.6.3
  resolution: "semver@npm:7.6.3"
  bin:
    semver: bin/semver.js
  checksum: 4110ec5d015c9438f322257b1c51fe30276e5f766a3f64c09edd1d7ea7118ecbc3f379f3b69032bacf13116dc7abc4ad8ce0d7e2bd642e26b0d271b56b61a7d8
  languageName: node
  linkType: hard

"shebang-command@npm:^2.0.0":
  version: 2.0.0
  resolution: "shebang-command@npm:2.0.0"
  dependencies:
    shebang-regex: ^3.0.0
  checksum: 6b52fe87271c12968f6a054e60f6bde5f0f3d2db483a1e5c3e12d657c488a15474121a1d55cd958f6df026a54374ec38a4a963988c213b7570e1d51575cea7fa
  languageName: node
  linkType: hard

"shebang-regex@npm:^3.0.0":
  version: 3.0.0
  resolution: "shebang-regex@npm:3.0.0"
  checksum: 1a2bcae50de99034fcd92ad4212d8e01eedf52c7ec7830eedcf886622804fe36884278f2be8be0ea5fde3fd1c23911643a4e0f726c8685b61871c8908af01222
  languageName: node
  linkType: hard

"signal-exit@npm:^3.0.2":
  version: 3.0.7
  resolution: "signal-exit@npm:3.0.7"
  checksum: a2f098f247adc367dffc27845853e9959b9e88b01cb301658cfe4194352d8d2bb32e18467c786a7fe15f1d44b233ea35633d076d5e737870b7139949d1ab6318
  languageName: node
  linkType: hard

"slash@npm:^3.0.0":
  version: 3.0.0
  resolution: "slash@npm:3.0.0"
  checksum: 94a93fff615f25a999ad4b83c9d5e257a7280c90a32a7cb8b4a87996e4babf322e469c42b7f649fd5796edd8687652f3fb452a86dc97a816f01113183393f11c
  languageName: node
  linkType: hard

"split2@npm:^4.1.0":
  version: 4.2.0
  resolution: "split2@npm:4.2.0"
  checksum: 05d54102546549fe4d2455900699056580cca006c0275c334611420f854da30ac999230857a85fdd9914dc2109ae50f80fda43d2a445f2aa86eccdc1dfce779d
  languageName: node
  linkType: hard

"sqlauthz@workspace:.":
  version: 0.0.0-use.local
  resolution: "sqlauthz@workspace:."
  dependencies:
    "@biomejs/biome": ^1.4.1
    "@jsdevtools/version-bump-prompt": ^6.1.0
    "@swc/core": ^1.3.99
    "@types/node": ^20.10.0
    "@types/pg": ^8.10.9
    "@types/yargs": ^17.0.32
    dotenv: ^16.3.1
    fdir: ^6.1.1
    oso: ^0.27.0
    pg: ^8.11.3
    picomatch: ^3.0.1
    ts-node: ^10.9.1
    typescript: ^5.3.2
    yargs: ^17.7.2
  bin:
    sqlauthz: ./dist/cli.js
  languageName: unknown
  linkType: soft

"string-argv@npm:^0.3.1":
  version: 0.3.2
  resolution: "string-argv@npm:0.3.2"
  checksum: 8703ad3f3db0b2641ed2adbb15cf24d3945070d9a751f9e74a924966db9f325ac755169007233e8985a39a6a292f14d4fee20482989b89b96e473c4221508a0f
  languageName: node
  linkType: hard

"string-width@npm:^4.1.0, string-width@npm:^4.2.0, string-width@npm:^4.2.3":
  version: 4.2.3
  resolution: "string-width@npm:4.2.3"
  dependencies:
    emoji-regex: ^8.0.0
    is-fullwidth-code-point: ^3.0.0
    strip-ansi: ^6.0.1
  checksum: e52c10dc3fbfcd6c3a15f159f54a90024241d0f149cf8aed2982a2d801d2e64df0bf1dc351cf8e95c3319323f9f220c16e740b06faecd53e2462df1d2b5443fb
  languageName: node
  linkType: hard

"strip-ansi@npm:^6.0.0, strip-ansi@npm:^6.0.1":
  version: 6.0.1
  resolution: "strip-ansi@npm:6.0.1"
  dependencies:
    ansi-regex: ^5.0.1
  checksum: f3cd25890aef3ba6e1a74e20896c21a46f482e93df4a06567cebf2b57edabb15133f1f94e57434e0a958d61186087b1008e89c94875d019910a213181a14fc8c
  languageName: node
  linkType: hard

"supports-color@npm:^7.1.0":
  version: 7.2.0
  resolution: "supports-color@npm:7.2.0"
  dependencies:
    has-flag: ^4.0.0
  checksum: 3dda818de06ebbe5b9653e07842d9479f3555ebc77e9a0280caf5a14fb877ffee9ed57007c3b78f5a6324b8dbeec648d9e97a24e2ed9fdb81ddc69ea07100f4a
  languageName: node
  linkType: hard

"through@npm:^2.3.6":
  version: 2.3.8
  resolution: "through@npm:2.3.8"
  checksum: a38c3e059853c494af95d50c072b83f8b676a9ba2818dcc5b108ef252230735c54e0185437618596c790bbba8fcdaef5b290405981ffa09dce67b1f1bf190cbd
  languageName: node
  linkType: hard

"tmp@npm:^0.0.33":
  version: 0.0.33
  resolution: "tmp@npm:0.0.33"
  dependencies:
    os-tmpdir: ~1.0.2
  checksum: 902d7aceb74453ea02abbf58c203f4a8fc1cead89b60b31e354f74ed5b3fb09ea817f94fb310f884a5d16987dd9fa5a735412a7c2dd088dd3d415aa819ae3a28
  languageName: node
  linkType: hard

"to-regex-range@npm:^5.0.1":
  version: 5.0.1
  resolution: "to-regex-range@npm:5.0.1"
  dependencies:
    is-number: ^7.0.0
  checksum: f76fa01b3d5be85db6a2a143e24df9f60dd047d151062d0ba3df62953f2f697b16fe5dad9b0ac6191c7efc7b1d9dcaa4b768174b7b29da89d4428e64bc0a20ed
  languageName: node
  linkType: hard

"ts-node@npm:^10.9.1":
  version: 10.9.2
  resolution: "ts-node@npm:10.9.2"
  dependencies:
    "@cspotcode/source-map-support": ^0.8.0
    "@tsconfig/node10": ^1.0.7
    "@tsconfig/node12": ^1.0.7
    "@tsconfig/node14": ^1.0.0
    "@tsconfig/node16": ^1.0.2
    acorn: ^8.4.1
    acorn-walk: ^8.1.1
    arg: ^4.1.0
    create-require: ^1.1.0
    diff: ^4.0.1
    make-error: ^1.1.1
    v8-compile-cache-lib: ^3.0.1
    yn: 3.1.1
  peerDependencies:
    "@swc/core": ">=1.2.50"
    "@swc/wasm": ">=1.2.50"
    "@types/node": "*"
    typescript: ">=2.7"
  peerDependenciesMeta:
    "@swc/core":
      optional: true
    "@swc/wasm":
      optional: true
  bin:
    ts-node: dist/bin.js
    ts-node-cwd: dist/bin-cwd.js
    ts-node-esm: dist/bin-esm.js
    ts-node-script: dist/bin-script.js
    ts-node-transpile-only: dist/bin-transpile.js
    ts-script: dist/bin-script-deprecated.js
  checksum: fde256c9073969e234526e2cfead42591b9a2aec5222bac154b0de2fa9e4ceb30efcd717ee8bc785a56f3a119bdd5aa27b333d9dbec94ed254bd26f8944c67ac
  languageName: node
  linkType: hard

"tslib@npm:^1.9.0":
  version: 1.14.1
  resolution: "tslib@npm:1.14.1"
  checksum: dbe628ef87f66691d5d2959b3e41b9ca0045c3ee3c7c7b906cc1e328b39f199bb1ad9e671c39025bd56122ac57dfbf7385a94843b1cc07c60a4db74795829acd
  languageName: node
  linkType: hard

"type-detect@npm:^4.0.8":
  version: 4.1.0
  resolution: "type-detect@npm:4.1.0"
  checksum: 3b32f873cd02bc7001b00a61502b7ddc4b49278aabe68d652f732e1b5d768c072de0bc734b427abf59d0520a5f19a2e07309ab921ef02018fa1cb4af155cdb37
  languageName: node
  linkType: hard

"type-fest@npm:^0.21.3":
  version: 0.21.3
  resolution: "type-fest@npm:0.21.3"
  checksum: e6b32a3b3877f04339bae01c193b273c62ba7bfc9e325b8703c4ee1b32dc8fe4ef5dfa54bf78265e069f7667d058e360ae0f37be5af9f153b22382cd55a9afe0
  languageName: node
  linkType: hard

"typescript@npm:^5.3.2":
  version: 5.5.4
  resolution: "typescript@npm:5.5.4"
  bin:
    tsc: bin/tsc
    tsserver: bin/tsserver
  checksum: b309040f3a1cd91c68a5a58af6b9fdd4e849b8c42d837b2c2e73f9a4f96a98c4f1ed398a9aab576ee0a4748f5690cf594e6b99dbe61de7839da748c41e6d6ca8
  languageName: node
  linkType: hard

"typescript@patch:typescript@^5.3.2#~builtin<compat/typescript>":
  version: 5.5.4
  resolution: "typescript@patch:typescript@npm%3A5.5.4#~builtin<compat/typescript>::version=5.5.4&hash=ad5954"
  bin:
    tsc: bin/tsc
    tsserver: bin/tsserver
  checksum: fc52962f31a5bcb716d4213bef516885e4f01f30cea797a831205fc9ef12b405a40561c40eae3127ab85ba1548e7df49df2bcdee6b84a94bfbe3a0d7eff16b14
  languageName: node
  linkType: hard

"typical@npm:^4.0.0":
  version: 4.0.0
  resolution: "typical@npm:4.0.0"
  checksum: a242081956825328f535e6195a924240b34daf6e7fdb573a1809a42b9f37fb8114fa99c7ab89a695e0cdb419d4149d067f6723e4b95855ffd39c6c4ca378efb3
  languageName: node
  linkType: hard

"undici-types@npm:~5.26.4":
  version: 5.26.5
  resolution: "undici-types@npm:5.26.5"
  checksum: 3192ef6f3fd5df652f2dc1cd782b49d6ff14dc98e5dced492aa8a8c65425227da5da6aafe22523c67f035a272c599bb89cfe803c1db6311e44bed3042fc25487
  languageName: node
  linkType: hard

"undici-types@npm:~6.13.0":
  version: 6.13.0
  resolution: "undici-types@npm:6.13.0"
  checksum: 9d0ef6bf58994bebbea6a4ab75f381c69a89a7ed151bfbae0d4ef95450d56502c9eccb323abf17b7d099c1d9c1cbae62e909e4dfeb8d204612d2f1fdada24707
  languageName: node
  linkType: hard

"v8-compile-cache-lib@npm:^3.0.1":
  version: 3.0.1
  resolution: "v8-compile-cache-lib@npm:3.0.1"
  checksum: 78089ad549e21bcdbfca10c08850022b22024cdcc2da9b168bcf5a73a6ed7bf01a9cebb9eac28e03cd23a684d81e0502797e88f3ccd27a32aeab1cfc44c39da0
  languageName: node
  linkType: hard

"which@npm:^2.0.1":
  version: 2.0.2
  resolution: "which@npm:2.0.2"
  dependencies:
    isexe: ^2.0.0
  bin:
    node-which: ./bin/node-which
  checksum: 1a5c563d3c1b52d5f893c8b61afe11abc3bab4afac492e8da5bde69d550de701cf9806235f20a47b5c8fa8a1d6a9135841de2596535e998027a54589000e66d1
  languageName: node
  linkType: hard

"wrap-ansi@npm:^7.0.0":
  version: 7.0.0
  resolution: "wrap-ansi@npm:7.0.0"
  dependencies:
    ansi-styles: ^4.0.0
    string-width: ^4.1.0
    strip-ansi: ^6.0.0
  checksum: a790b846fd4505de962ba728a21aaeda189b8ee1c7568ca5e817d85930e06ef8d1689d49dbf0e881e8ef84436af3a88bc49115c2e2788d841ff1b8b5b51a608b
  languageName: node
  linkType: hard

"xtend@npm:^4.0.0":
  version: 4.0.2
  resolution: "xtend@npm:4.0.2"
  checksum: ac5dfa738b21f6e7f0dd6e65e1b3155036d68104e67e5d5d1bde74892e327d7e5636a076f625599dc394330a731861e87343ff184b0047fef1360a7ec0a5a36a
  languageName: node
  linkType: hard

"y18n@npm:^5.0.5":
  version: 5.0.8
  resolution: "y18n@npm:5.0.8"
  checksum: 54f0fb95621ee60898a38c572c515659e51cc9d9f787fb109cef6fde4befbe1c4602dc999d30110feee37456ad0f1660fa2edcfde6a9a740f86a290999550d30
  languageName: node
  linkType: hard

"yargs-parser@npm:^21.1.1":
  version: 21.1.1
  resolution: "yargs-parser@npm:21.1.1"
  checksum: ed2d96a616a9e3e1cc7d204c62ecc61f7aaab633dcbfab2c6df50f7f87b393993fe6640d017759fe112d0cb1e0119f2b4150a87305cc873fd90831c6a58ccf1c
  languageName: node
  linkType: hard

"yargs@npm:^17.7.2":
  version: 17.7.2
  resolution: "yargs@npm:17.7.2"
  dependencies:
    cliui: ^8.0.1
    escalade: ^3.1.1
    get-caller-file: ^2.0.5
    require-directory: ^2.1.1
    string-width: ^4.2.3
    y18n: ^5.0.5
    yargs-parser: ^21.1.1
  checksum: 73b572e863aa4a8cbef323dd911d79d193b772defd5a51aab0aca2d446655216f5002c42c5306033968193bdbf892a7a4c110b0d77954a7fdf563e653967b56a
  languageName: node
  linkType: hard

"yn@npm:3.1.1":
  version: 3.1.1
  resolution: "yn@npm:3.1.1"
  checksum: 2c487b0e149e746ef48cda9f8bad10fc83693cd69d7f9dcd8be4214e985de33a29c9e24f3c0d6bcf2288427040a8947406ab27f7af67ee9456e6b84854f02dd6
  languageName: node
  linkType: hard
